
Microsoft Visual Studio Solution File, Format Version 12.00
# Visual Studio Version 18
VisualStudioVersion = 18.0.11102.4
MinimumVisualStudioVersion = 10.0.40219.1
Project("{8BC9CEB8-8B4A-11D0-8D11-00A0C91BC942}") = "Gargoyle", "Gargoyle.vcxproj", "{76CDDD0D-EA56-4AA9-9B94-41390A34AB23}"
EndProject
Project("{8BC9CEB8-8B4A-11D0-8D11-00A0C91BC942}") = "GargoyleX64", "GargoyleX64\GargoyleX64.vcxproj", "{D7F13E1F-6B38-4E38-8B11-30E8B9AF4601}"
EndProject
Project("{8BC9CEB8-8B4A-11D0-8D11-00A0C91BC942}") = "GargoyleArm64", "GargoyleArm64\GargoyleArm64.vcxproj", "{F0C6C7DF-B6D3-4E33-8602-6AABF9B4053B}"
EndProject
Project("{8BC9CEB8-8B4A-11D0-8D11-00A0C91BC942}") = "GargoyleArm64EC", "GargoyleArm64EC\GargoyleArm64EC.vcxproj", "{534AA03E-0AB4-49A3-867A-95EF7FE3D591}"
EndProject
Global
	GlobalSection(SolutionConfigurationPlatforms) = preSolution
		Debug|x86 = Debug|x86
		Debug|x64 = Debug|x64
		Debug|ARM64 = Debug|ARM64
		Debug|ARM64EC = Debug|ARM64EC
		Release|x86 = Release|x86
		Release|x64 = Release|x64
		Release|ARM64 = Release|ARM64
		Release|ARM64EC = Release|ARM64EC
	EndGlobalSection
	GlobalSection(ProjectConfigurationPlatforms) = postSolution
		{76CDDD0D-EA56-4AA9-9B94-41390A34AB23}.Debug|x86.ActiveCfg = Debug|Win32
		{76CDDD0D-EA56-4AA9-9B94-41390A34AB23}.Debug|x86.Build.0 = Debug|Win32
		{76CDDD0D-EA56-4AA9-9B94-41390A34AB23}.Debug|x64.ActiveCfg = Debug|Win32
		{76CDDD0D-EA56-4AA9-9B94-41390A34AB23}.Debug|ARM64.ActiveCfg = Debug|Win32
		{76CDDD0D-EA56-4AA9-9B94-41390A34AB23}.Debug|ARM64EC.ActiveCfg = Debug|Win32
		{76CDDD0D-EA56-4AA9-9B94-41390A34AB23}.Release|x86.ActiveCfg = Release|Win32
		{76CDDD0D-EA56-4AA9-9B94-41390A34AB23}.Release|x86.Build.0 = Release|Win32
		{76CDDD0D-EA56-4AA9-9B94-41390A34AB23}.Release|x64.ActiveCfg = Release|Win32
		{76CDDD0D-EA56-4AA9-9B94-41390A34AB23}.Release|ARM64.ActiveCfg = Release|Win32
		{76CDDD0D-EA56-4AA9-9B94-41390A34AB23}.Release|ARM64EC.ActiveCfg = Release|Win32
		{D7F13E1F-6B38-4E38-8B11-30E8B9AF4601}.Debug|x86.ActiveCfg = Debug|x64
		{D7F13E1F-6B38-4E38-8B11-30E8B9AF4601}.Debug|x64.ActiveCfg = Debug|x64
		{D7F13E1F-6B38-4E38-8B11-30E8B9AF4601}.Debug|x64.Build.0 = Debug|x64
		{D7F13E1F-6B38-4E38-8B11-30E8B9AF4601}.Debug|ARM64.ActiveCfg = Debug|x64
		{D7F13E1F-6B38-4E38-8B11-30E8B9AF4601}.Debug|ARM64EC.ActiveCfg = Debug|x64
		{D7F13E1F-6B38-4E38-8B11-30E8B9AF4601}.Release|x86.ActiveCfg = Release|x64
		{D7F13E1F-6B38-4E38-8B11-30E8B9AF4601}.Release|x64.ActiveCfg = Release|x64
		{D7F13E1F-6B38-4E38-8B11-30E8B9AF4601}.Release|x64.Build.0 = Release|x64
		{D7F13E1F-6B38-4E38-8B11-30E8B9AF4601}.Release|ARM64.ActiveCfg = Release|x64
		{D7F13E1F-6B38-4E38-8B11-30E8B9AF4601}.Release|ARM64EC.ActiveCfg = Release|x64
		{F0C6C7DF-B6D3-4E33-8602-6AABF9B4053B}.Debug|x86.ActiveCfg = Debug|ARM64
		{F0C6C7DF-B6D3-4E33-8602-6AABF9B4053B}.Debug|x64.ActiveCfg = Debug|ARM64
		{F0C6C7DF-B6D3-4E33-8602-6AABF9B4053B}.Debug|ARM64.ActiveCfg = Debug|ARM64
		{F0C6C7DF-B6D3-4E33-8602-6AABF9B4053B}.Debug|ARM64.Build.0 = Debug|ARM64
		{F0C6C7DF-B6D3-4E33-8602-6AABF9B4053B}.Debug|ARM64EC.ActiveCfg = Debug|ARM64
		{F0C6C7DF-B6D3-4E33-8602-6AABF9B4053B}.Release|x86.ActiveCfg = Release|ARM64
		{F0C6C7DF-B6D3-4E33-8602-6AABF9B4053B}.Release|x64.ActiveCfg = Release|ARM64
		{F0C6C7DF-B6D3-4E33-8602-6AABF9B4053B}.Release|ARM64.ActiveCfg = Release|ARM64
		{F0C6C7DF-B6D3-4E33-8602-6AABF9B4053B}.Release|ARM64.Build.0 = Release|ARM64
		{F0C6C7DF-B6D3-4E33-8602-6AABF9B4053B}.Release|ARM64EC.ActiveCfg = Release|ARM64
		{534AA03E-0AB4-49A3-867A-95EF7FE3D591}.Debug|x86.ActiveCfg = Debug|ARM64EC
		{534AA03E-0AB4-49A3-867A-95EF7FE3D591}.Debug|x64.ActiveCfg = Debug|ARM64EC
		{534AA03E-0AB4-49A3-867A-95EF7FE3D591}.Debug|ARM64.ActiveCfg = Debug|ARM64EC
		{534AA03E-0AB4-49A3-867A-95EF7FE3D591}.Debug|ARM64EC.ActiveCfg = Debug|ARM64EC
		{534AA03E-0AB4-49A3-867A-95EF7FE3D591}.Debug|ARM64EC.Build.0 = Debug|ARM64EC
		{534AA03E-0AB4-49A3-867A-95EF7FE3D591}.Release|x86.ActiveCfg = Release|ARM64EC
		{534AA03E-0AB4-49A3-867A-95EF7FE3D591}.Release|x64.ActiveCfg = Release|ARM64EC
		{534AA03E-0AB4-49A3-867A-95EF7FE3D591}.Release|ARM64.ActiveCfg = Release|ARM64EC
		{534AA03E-0AB4-49A3-867A-95EF7FE3D591}.Release|ARM64EC.ActiveCfg = Release|ARM64EC
		{534AA03E-0AB4-49A3-867A-95EF7FE3D591}.Release|ARM64EC.Build.0 = Release|ARM64EC
	EndGlobalSection
	GlobalSection(SolutionProperties) = preSolution
		HideSolutionNode = FALSE
	EndGlobalSection
EndGlobal
